
Microsoft Visual Studio Solution File, Format Version 12.00
# Visual Studio Version 16
VisualStudioVersion = 16.0.33130.400
MinimumVisualStudioVersion = 10.0.40219.1
Project("{FAE04EC0-301F-11D3-BF4B-00C04F79EFBC}") = "Redshift", "Redshift.csproj", "{1EE05B5F-A0A9-4D72-9928-57297A6B33F0}"
EndProject
Global
	GlobalSection(SolutionConfigurationPlatforms) = preSolution
		Debug|Any CPU = Debug|Any CPU
		Release|Any CPU = Release|Any CPU
	EndGlobalSection
	GlobalSection(ProjectConfigurationPlatforms) = postSolution
		{1EE05B5F-A0A9-4D72-9928-57297A6B33F0}.Debug|Any CPU.ActiveCfg = Debug|Any CPU
		{1EE05B5F-A0A9-4D72-9928-57297A6B33F0}.Debug|Any CPU.Build.0 = Debug|Any CPU
		{1EE05B5F-A0A9-4D72-9928-57297A6B33F0}.Release|Any CPU.ActiveCfg = Release|Any CPU
		{1EE05B5F-A0A9-4D72-9928-57297A6B33F0}.Release|Any CPU.Build.0 = Release|Any CPU
	EndGlobalSection
	GlobalSection(SolutionProperties) = preSolution
		HideSolutionNode = FALSE
	EndGlobalSection
	GlobalSection(ExtensibilityGlobals) = postSolution
		SolutionGuid = {F6C1DE3D-1BA2-465E-AE46-C13E921B3C09}
	EndGlobalSection
EndGlobal
